
Microsoft Visual Studio Solution File, Format Version 12.00
# Visual Studio Version 17
VisualStudioVersion = 17.11.35327.3
MinimumVisualStudioVersion = 10.0.40219.1
Project("{9A19103F-16F7-4668-BE54-9A1E7A4F7556}") = "Telhai.cs.DotNet.TomerHarari.App", "Telhai.cs.DotNet.TomerHarari.App\Telhai.cs.DotNet.TomerHarari.App.csproj", "{4F64E0F5-F5A4-4B42-B791-6CB2F4FD507C}"
EndProject
Project("{9A19103F-16F7-4668-BE54-9A1E7A4F7556}") = "Telhai.cs.DotNet.TomerHarari.Infrastracture", "Telhai.cs.DotNet.TomerHarari.Infrastracture\Telhai.cs.DotNet.TomerHarari.Infrastracture.csproj", "{1679A72C-87C5-4682-B516-B366114112B8}"
EndProject
Project("{9A19103F-16F7-4668-BE54-9A1E7A4F7556}") = "Telhai.cs.DotNet.TomerHarari.Db", "Telhai.cs.DotNet.TomerHarari.Db\Telhai.cs.DotNet.TomerHarari.Db.csproj", "{C2274AB8-2C51-4DC1-98C7-2D3AE0E10C11}"
EndProject
Project("{FAE04EC0-301F-11D3-BF4B-00C04F79EFBC}") = "Telhai.cs.DotNet.TomerHarari.WindowApp", "Telhai.cs.DotNet.TomerHarari.WindowApp\Telhai.cs.DotNet.TomerHarari.WindowApp.csproj", "{EA2AD8F4-0A71-48AD-87B3-E504664EF3EC}"
EndProject
Project("{FAE04EC0-301F-11D3-BF4B-00C04F79EFBC}") = "Telhai.cs.DotNet.TomerHarari.DataTypesApp", "Telhai.cs.DotNet.TomerHarari.DataTypesApp\Telhai.cs.DotNet.TomerHarari.DataTypesApp.csproj", "{DE98288E-8D5A-4A47-9426-80C19246DF1E}"
EndProject
Project("{FAE04EC0-301F-11D3-BF4B-00C04F79EFBC}") = "Telhai.CS.DotNet.TomerHarari_HilaAjami.OOP2", "Telhai.CS.DotNet.TomerHarari_HilaAjami.OOP2\Telhai.CS.DotNet.TomerHarari_HilaAjami.OOP2.csproj", "{A1A9C167-2B5E-4619-AC58-5317E75D6254}"
EndProject
Global
	GlobalSection(SolutionConfigurationPlatforms) = preSolution
		Debug|Any CPU = Debug|Any CPU
		Release|Any CPU = Release|Any CPU
	EndGlobalSection
	GlobalSection(ProjectConfigurationPlatforms) = postSolution
		{4F64E0F5-F5A4-4B42-B791-6CB2F4FD507C}.Debug|Any CPU.ActiveCfg = Debug|Any CPU
		{4F64E0F5-F5A4-4B42-B791-6CB2F4FD507C}.Debug|Any CPU.Build.0 = Debug|Any CPU
		{4F64E0F5-F5A4-4B42-B791-6CB2F4FD507C}.Release|Any CPU.ActiveCfg = Release|Any CPU
		{4F64E0F5-F5A4-4B42-B791-6CB2F4FD507C}.Release|Any CPU.Build.0 = Release|Any CPU
		{1679A72C-87C5-4682-B516-B366114112B8}.Debug|Any CPU.ActiveCfg = Debug|Any CPU
		{1679A72C-87C5-4682-B516-B366114112B8}.Debug|Any CPU.Build.0 = Debug|Any CPU
		{1679A72C-87C5-4682-B516-B366114112B8}.Release|Any CPU.ActiveCfg = Release|Any CPU
		{1679A72C-87C5-4682-B516-B366114112B8}.Release|Any CPU.Build.0 = Release|Any CPU
		{C2274AB8-2C51-4DC1-98C7-2D3AE0E10C11}.Debug|Any CPU.ActiveCfg = Debug|Any CPU
		{C2274AB8-2C51-4DC1-98C7-2D3AE0E10C11}.Debug|Any CPU.Build.0 = Debug|Any CPU
		{C2274AB8-2C51-4DC1-98C7-2D3AE0E10C11}.Release|Any CPU.ActiveCfg = Release|Any CPU
		{C2274AB8-2C51-4DC1-98C7-2D3AE0E10C11}.Release|Any CPU.Build.0 = Release|Any CPU
		{EA2AD8F4-0A71-48AD-87B3-E504664EF3EC}.Debug|Any CPU.ActiveCfg = Debug|Any CPU
		{EA2AD8F4-0A71-48AD-87B3-E504664EF3EC}.Debug|Any CPU.Build.0 = Debug|Any CPU
		{EA2AD8F4-0A71-48AD-87B3-E504664EF3EC}.Release|Any CPU.ActiveCfg = Release|Any CPU
		{EA2AD8F4-0A71-48AD-87B3-E504664EF3EC}.Release|Any CPU.Build.0 = Release|Any CPU
		{DE98288E-8D5A-4A47-9426-80C19246DF1E}.Debug|Any CPU.ActiveCfg = Debug|Any CPU
		{DE98288E-8D5A-4A47-9426-80C19246DF1E}.Debug|Any CPU.Build.0 = Debug|Any CPU
		{DE98288E-8D5A-4A47-9426-80C19246DF1E}.Release|Any CPU.ActiveCfg = Release|Any CPU
		{DE98288E-8D5A-4A47-9426-80C19246DF1E}.Release|Any CPU.Build.0 = Release|Any CPU
		{A1A9C167-2B5E-4619-AC58-5317E75D6254}.Debug|Any CPU.ActiveCfg = Debug|Any CPU
		{A1A9C167-2B5E-4619-AC58-5317E75D6254}.Debug|Any CPU.Build.0 = Debug|Any CPU
		{A1A9C167-2B5E-4619-AC58-5317E75D6254}.Release|Any CPU.ActiveCfg = Release|Any CPU
		{A1A9C167-2B5E-4619-AC58-5317E75D6254}.Release|Any CPU.Build.0 = Release|Any CPU
	EndGlobalSection
	GlobalSection(SolutionProperties) = preSolution
		HideSolutionNode = FALSE
	EndGlobalSection
	GlobalSection(ExtensibilityGlobals) = postSolution
		SolutionGuid = {5A477725-E281-4F32-8A76-5EFF91CCCA4F}
	EndGlobalSection
EndGlobal
